
Microsoft Visual Studio Solution File, Format Version 12.00
# Visual Studio 15
VisualStudioVersion = 15.0.28307.438
MinimumVisualStudioVersion = 10.0.40219.1
Project("{FAE04EC0-301F-11D3-BF4B-00C04F79EFBC}") = "JsonPlaceholder", "JsonPlaceholder\JsonPlaceholder.csproj", "{19D33238-2DE7-4BFC-8E87-F4B65FBA78DB}"
EndProject
Global
	GlobalSection(SolutionConfigurationPlatforms) = preSolution
		Debug|Any CPU = Debug|Any CPU
		Release|Any CPU = Release|Any CPU
	EndGlobalSection
	GlobalSection(ProjectConfigurationPlatforms) = postSolution
		{19D33238-2DE7-4BFC-8E87-F4B65FBA78DB}.Debug|Any CPU.ActiveCfg = Debug|Any CPU
		{19D33238-2DE7-4BFC-8E87-F4B65FBA78DB}.Debug|Any CPU.Build.0 = Debug|Any CPU
		{19D33238-2DE7-4BFC-8E87-F4B65FBA78DB}.Release|Any CPU.ActiveCfg = Release|Any CPU
		{19D33238-2DE7-4BFC-8E87-F4B65FBA78DB}.Release|Any CPU.Build.0 = Release|Any CPU
	EndGlobalSection
	GlobalSection(SolutionProperties) = preSolution
		HideSolutionNode = FALSE
	EndGlobalSection
	GlobalSection(ExtensibilityGlobals) = postSolution
		SolutionGuid = {D3B12500-3587-4B47-BEEB-682D9E0088DC}
	EndGlobalSection
EndGlobal
